// !$*UTF8*$!
{
	archiveVersion = 1;
	classes = {
	};
	objectVersion = 46;
	objects = {

/* Begin PBXBuildFile section */
		AD4C7C771AEEEECD00A95C18 /* main.m in Sources */ = {isa = PBXBuildFile; fileRef = AD4C7C761AEEEECD00A95C18 /* main.m */; };
		AD4C7C7A1AEEEECD00A95C18 /* AppDelegate.m in Sources */ = {isa = PBXBuildFile; fileRef = AD4C7C791AEEEECD00A95C18 /* AppDelegate.m */; };
		AD4C7C7D1AEEEECD00A95C18 /* ViewController.m in Sources */ = {isa = PBXBuildFile; fileRef = AD4C7C7C1AEEEECD00A95C18 /* ViewController.m */; };
		AD4C7C801AEEEECD00A95C18 /* Main.storyboard in Resources */ = {isa = PBXBuildFile; fileRef = AD4C7C7E1AEEEECD00A95C18 /* Main.storyboard */; };
		AD4C7C821AEEEECD00A95C18 /* Images.xcassets in Resources */ = {isa = PBXBuildFile; fileRef = AD4C7C811AEEEECD00A95C18 /* Images.xcassets */; };
		AD4C7C851AEEEECD00A95C18 /* LaunchScreen.xib in Resources */ = {isa = PBXBuildFile; fileRef = AD4C7C831AEEEECD00A95C18 /* LaunchScreen.xib */; };
		AD4C7C911AEEEECE00A95C18 /* MyReminderzTests.m in Sources */ = {isa = PBXBuildFile; fileRef = AD4C7C901AEEEECE00A95C18 /* MyReminderzTests.m */; };
		AD4C7C9B1AEEEF3200A95C18 /* MapKit.framework in Frameworks */ = {isa = PBXBuildFile; fileRef = AD4C7C9A1AEEEF3200A95C18 /* MapKit.framework */; };
		AD4C7C9E1AEF517C00A95C18 /* MyStack.m in Sources */ = {isa = PBXBuildFile; fileRef = AD4C7C9D1AEF517C00A95C18 /* MyStack.m */; };
		AD4C7CA11AEF54C600A95C18 /* MyQueue.m in Sources */ = {isa = PBXBuildFile; fileRef = AD4C7CA01AEF54C600A95C18 /* MyQueue.m */; };
/* End PBXBuildFile section */

/* Begin PBXContainerItemProxy section */
		AD4C7C8B1AEEEECE00A95C18 /* PBXContainerItemProxy */ = {
			isa = PBXContainerItemProxy;
			containerPortal = AD4C7C691AEEEECD00A95C18 /* Project object */;
			proxyType = 1;
			remoteGlobalIDString = AD4C7C701AEEEECD00A95C18;
			remoteInfo = MyReminderz;
		};
/* End PBXContainerItemProxy section */

/* Begin PBXFileReference section */
		AD4C7C711AEEEECD00A95C18 /* MyReminderz.app */ = {isa = PBXFileReference; explicitFileType = wrapper.application; includeInIndex = 0; path = MyReminderz.app; sourceTree = BUILT_PRODUCTS_DIR; };
		AD4C7C751AEEEECD00A95C18 /* Info.plist */ = {isa = PBXFileReference; lastKnownFileType = text.plist.xml; path = Info.plist; sourceTree = "<group>"; };
		AD4C7C761AEEEECD00A95C18 /* main.m */ = {isa = PBXFileReference; lastKnownFileType = sourcecode.c.objc; path = main.m; sourceTree = "<group>"; };
		AD4C7C781AEEEECD00A95C18 /* AppDelegate.h */ = {isa = PBXFileReference; lastKnownFileType = sourcecode.c.h; path = AppDelegate.h; sourceTree = "<group>"; };
		AD4C7C791AEEEECD00A95C18 /* AppDelegate.m */ = {isa = PBXFileReference; lastKnownFileType = sourcecode.c.objc; path = AppDelegate.m; sourceTree = "<group>"; };
		AD4C7C7B1AEEEECD00A95C18 /* ViewController.h */ = {isa = PBXFileReference; lastKnownFileType = sourcecode.c.h; path = ViewController.h; sourceTree = "<group>"; };
		AD4C7C7C1AEEEECD00A95C18 /* ViewController.m */ = {isa = PBXFileReference; lastKnownFileType = sourcecode.c.objc; path = ViewController.m; sourceTree = "<group>"; };
		AD4C7C7F1AEEEECD00A95C18 /* Base */ = {isa = PBXFileReference; lastKnownFileType = file.storyboard; name = Base; path = Base.lproj/Main.storyboard; sourceTree = "<group>"; };
		AD4C7C811AEEEECD00A95C18 /* Images.xcassets */ = {isa = PBXFileReference; lastKnownFileType = folder.assetcatalog; path = Images.xcassets; sourceTree = "<group>"; };
		AD4C7C841AEEEECD00A95C18 /* Base */ = {isa = PBXFileReference; lastKnownFileType = file.xib; name = Base; path = Base.lproj/LaunchScreen.xib; sourceTree = "<group>"; };
		AD4C7C8A1AEEEECE00A95C18 /* MyReminderzTests.xctest */ = {isa = PBXFileReference; explicitFileType = wrapper.cfbundle; includeInIndex = 0; path = MyReminderzTests.xctest; sourceTree = BUILT_PRODUCTS_DIR; };
		AD4C7C8F1AEEEECE00A95C18 /* Info.plist */ = {isa = PBXFileReference; lastKnownFileType = text.plist.xml; path = Info.plist; sourceTree = "<group>"; };
		AD4C7C901AEEEECE00A95C18 /* MyReminderzTests.m */ = {isa = PBXFileReference; lastKnownFileType = sourcecode.c.objc; path = MyReminderzTests.m; sourceTree = "<group>"; };
		AD4C7C9A1AEEEF3200A95C18 /* MapKit.framework */ = {isa = PBXFileReference; lastKnownFileType = wrapper.framework; name = MapKit.framework; path = System/Library/Frameworks/MapKit.framework; sourceTree = SDKROOT; };
		AD4C7C9C1AEF517C00A95C18 /* MyStack.h */ = {isa = PBXFileReference; fileEncoding = 4; lastKnownFileType = sourcecode.c.h; path = MyStack.h; sourceTree = "<group>"; };
		AD4C7C9D1AEF517C00A95C18 /* MyStack.m */ = {isa = PBXFileReference; fileEncoding = 4; lastKnownFileType = sourcecode.c.objc; path = MyStack.m; sourceTree = "<group>"; };
		AD4C7C9F1AEF54C600A95C18 /* MyQueue.h */ = {isa = PBXFileReference; fileEncoding = 4; lastKnownFileType = sourcecode.c.h; path = MyQueue.h; sourceTree = "<group>"; };
		AD4C7CA01AEF54C600A95C18 /* MyQueue.m */ = {isa = PBXFileReference; fileEncoding = 4; lastKnownFileType = sourcecode.c.objc; path = MyQueue.m; sourceTree = "<group>"; };
/* End PBXFileReference section */

/* Begin PBXFrameworksBuildPhase section */
		AD4C7C6E1AEEEECD00A95C18 /* Frameworks */ = {
			isa = PBXFrameworksBuildPhase;
			buildActionMask = 2147483647;
			files = (
				AD4C7C9B1AEEEF3200A95C18 /* MapKit.framework in Frameworks */,
			);
			runOnlyForDeploymentPostprocessing = 0;
		};
		AD4C7C871AEEEECE00A95C18 /* Frameworks */ = {
			isa = PBXFrameworksBuildPhase;
			buildActionMask = 2147483647;
			files = (
			);
			runOnlyForDeploymentPostprocessing = 0;
		};
/* End PBXFrameworksBuildPhase section */

/* Begin PBXGroup section */
		AD4C7C681AEEEECD00A95C18 = {
			isa = PBXGroup;
			children = (
				AD4C7C9A1AEEEF3200A95C18 /* MapKit.framework */,
				AD4C7C731AEEEECD00A95C18 /* MyReminderz */,
				AD4C7C8D1AEEEECE00A95C18 /* MyReminderzTests */,
				AD4C7C721AEEEECD00A95C18 /* Products */,
			);
			sourceTree = "<group>";
		};
		AD4C7C721AEEEECD00A95C18 /* Products */ = {
			isa = PBXGroup;
			children = (
				AD4C7C711AEEEECD00A95C18 /* MyReminderz.app */,
				AD4C7C8A1AEEEECE00A95C18 /* MyReminderzTests.xctest */,
			);
			name = Products;
			sourceTree = "<group>";
		};
		AD4C7C731AEEEECD00A95C18 /* MyReminderz */ = {
			isa = PBXGroup;
			children = (
				AD4C7C781AEEEECD00A95C18 /* AppDelegate.h */,
				AD4C7C791AEEEECD00A95C18 /* AppDelegate.m */,
				AD4C7C7B1AEEEECD00A95C18 /* ViewController.h */,
				AD4C7C7C1AEEEECD00A95C18 /* ViewController.m */,
				AD4C7C7E1AEEEECD00A95C18 /* Main.storyboard */,
				AD4C7C811AEEEECD00A95C18 /* Images.xcassets */,
				AD4C7C831AEEEECD00A95C18 /* LaunchScreen.xib */,
				AD4C7C741AEEEECD00A95C18 /* Supporting Files */,
				AD4C7C9C1AEF517C00A95C18 /* MyStack.h */,
				AD4C7C9D1AEF517C00A95C18 /* MyStack.m */,
				AD4C7C9F1AEF54C600A95C18 /* MyQueue.h */,
				AD4C7CA01AEF54C600A95C18 /* MyQueue.m */,
			);
			path = MyReminderz;
			sourceTree = "<group>";
		};
		AD4C7C741AEEEECD00A95C18 /* Supporting Files */ = {
			isa = PBXGroup;
			children = (
				AD4C7C751AEEEECD00A95C18 /* Info.plist */,
				AD4C7C761AEEEECD00A95C18 /* main.m */,
			);
			name = "Supporting Files";
			sourceTree = "<group>";
		};
		AD4C7C8D1AEEEECE00A95C18 /* MyReminderzTests */ = {
			isa = PBXGroup;
			children = (
				AD4C7C901AEEEECE00A95C18 /* MyReminderzTests.m */,
				AD4C7C8E1AEEEECE00A95C18 /* Supporting Files */,
			);
			path = MyReminderzTests;
			sourceTree = "<group>";
		};
		AD4C7C8E1AEEEECE00A95C18 /* Supporting Files */ = {
			isa = PBXGroup;
			children = (
				AD4C7C8F1AEEEECE00A95C18 /* Info.plist */,
			);
			name = "Supporting Files";
			sourceTree = "<group>";
		};
/* End PBXGroup section */

/* Begin PBXNativeTarget section */
		AD4C7C701AEEEECD00A95C18 /* MyReminderz */ = {
			isa = PBXNativeTarget;
			buildConfigurationList = AD4C7C941AEEEECE00A95C18 /* Build configuration list for PBXNativeTarget "MyReminderz" */;
			buildPhases = (
				AD4C7C6D1AEEEECD00A95C18 /* Sources */,
				AD4C7C6E1AEEEECD00A95C18 /* Frameworks */,
				AD4C7C6F1AEEEECD00A95C18 /* Resources */,
			);
			buildRules = (
			);
			dependencies = (
			);
			name = MyReminderz;
			productName = MyReminderz;
			productReference = AD4C7C711AEEEECD00A95C18 /* MyReminderz.app */;
			productType = "com.apple.product-type.application";
		};
		AD4C7C891AEEEECE00A95C18 /* MyReminderzTests */ = {
			isa = PBXNativeTarget;
			buildConfigurationList = AD4C7C971AEEEECE00A95C18 /* Build configuration list for PBXNativeTarget "MyReminderzTests" */;
			buildPhases = (
				AD4C7C861AEEEECE00A95C18 /* Sources */,
				AD4C7C871AEEEECE00A95C18 /* Frameworks */,
				AD4C7C881AEEEECE00A95C18 /* Resources */,
			);
			buildRules = (
			);
			dependencies = (
				AD4C7C8C1AEEEECE00A95C18 /* PBXTargetDependency */,
			);
			name = MyReminderzTests;
			productName = MyReminderzTests;
			productReference = AD4C7C8A1AEEEECE00A95C18 /* MyReminderzTests.xctest */;
			productType = "com.apple.product-type.bundle.unit-test";
		};
/* End PBXNativeTarget section */

/* Begin PBXProject section */
		AD4C7C691AEEEECD00A95C18 /* Project object */ = {
			isa = PBXProject;
			attributes = {
				LastUpgradeCheck = 0630;
				ORGANIZATIONNAME = "BR World";
				TargetAttributes = {
					AD4C7C701AEEEECD00A95C18 = {
						CreatedOnToolsVersion = 6.3;
						SystemCapabilities = {
							com.apple.Maps.iOS = {
								enabled = 1;
							};
						};
					};
					AD4C7C891AEEEECE00A95C18 = {
						CreatedOnToolsVersion = 6.3;
						TestTargetID = AD4C7C701AEEEECD00A95C18;
					};
				};
			};
			buildConfigurationList = AD4C7C6C1AEEEECD00A95C18 /* Build configuration list for PBXProject "MyReminderz" */;
			compatibilityVersion = "Xcode 3.2";
			developmentRegion = English;
			hasScannedForEncodings = 0;
			knownRegions = (
				en,
				Base,
			);
			mainGroup = AD4C7C681AEEEECD00A95C18;
			productRefGroup = AD4C7C721AEEEECD00A95C18 /* Products */;
			projectDirPath = "";
			projectRoot = "";
			targets = (
				AD4C7C701AEEEECD00A95C18 /* MyReminderz */,
				AD4C7C891AEEEECE00A95C18 /* MyReminderzTests */,
			);
		};
/* End PBXProject section */

/* Begin PBXResourcesBuildPhase section */
		AD4C7C6F1AEEEECD00A95C18 /* Resources */ = {
			isa = PBXResourcesBuildPhase;
			buildActionMask = 2147483647;
			files = (
				AD4C7C801AEEEECD00A95C18 /* Main.storyboard in Resources */,
				AD4C7C851AEEEECD00A95C18 /* LaunchScreen.xib in Resources */,
				AD4C7C821AEEEECD00A95C18 /* Images.xcassets in Resources */,
			);
			runOnlyForDeploymentPostprocessing = 0;
		};
		AD4C7C881AEEEECE00A95C18 /* Resources */ = {
			isa = PBXResourcesBuildPhase;
			buildActionMask = 2147483647;
			files = (
			);
			runOnlyForDeploymentPostprocessing = 0;
		};
/* End PBXResourcesBuildPhase section */

/* Begin PBXSourcesBuildPhase section */
		AD4C7C6D1AEEEECD00A95C18 /* Sources */ = {
			isa = PBXSourcesBuildPhase;
			buildActionMask = 2147483647;
			files = (
				AD4C7C9E1AEF517C00A95C18 /* MyStack.m in Sources */,
				AD4C7C7D1AEEEECD00A95C18 /* ViewController.m in Sources */,
				AD4C7C7A1AEEEECD00A95C18 /* AppDelegate.m in Sources */,
				AD4C7C771AEEEECD00A95C18 /* main.m in Sources */,
				AD4C7CA11AEF54C600A95C18 /* MyQueue.m in Sources */,
			);
			runOnlyForDeploymentPostprocessing = 0;
		};
		AD4C7C861AEEEECE00A95C18 /* Sources */ = {
			isa = PBXSourcesBuildPhase;
			buildActionMask = 2147483647;
			files = (
				AD4C7C911AEEEECE00A95C18 /* MyReminderzTests.m in Sources */,
			);
			runOnlyForDeploymentPostprocessing = 0;
		};
/* End PBXSourcesBuildPhase section */

/* Begin PBXTargetDependency section */
		AD4C7C8C1AEEEECE00A95C18 /* PBXTargetDependency */ = {
			isa = PBXTargetDependency;
			target = AD4C7C701AEEEECD00A95C18 /* MyReminderz */;
			targetProxy = AD4C7C8B1AEEEECE00A95C18 /* PBXContainerItemProxy */;
		};
/* End PBXTargetDependency section */

/* Begin PBXVariantGroup section */
		AD4C7C7E1AEEEECD00A95C18 /* Main.storyboard */ = {
			isa = PBXVariantGroup;
			children = (
				AD4C7C7F1AEEEECD00A95C18 /* Base */,
			);
			name = Main.storyboard;
			sourceTree = "<group>";
		};
		AD4C7C831AEEEECD00A95C18 /* LaunchScreen.xib */ = {
			isa = PBXVariantGroup;
			children = (
				AD4C7C841AEEEECD00A95C18 /* Base */,
			);
			name = LaunchScreen.xib;
			sourceTree = "<group>";
		};
/* End PBXVariantGroup section */

/* Begin XCBuildConfiguration section */
		AD4C7C921AEEEECE00A95C18 /* Debug */ = {
			isa = XCBuildConfiguration;
			buildSettings = {
				ALWAYS_SEARCH_USER_PATHS = NO;
				CLANG_CXX_LANGUAGE_STANDARD = "gnu++0x";
				CLANG_CXX_LIBRARY = "libc++";
				CLANG_ENABLE_MODULES = YES;
				CLANG_ENABLE_OBJC_ARC = YES;
				CLANG_WARN_BOOL_CONVERSION = YES;
				CLANG_WARN_CONSTANT_CONVERSION = YES;
				CLANG_WARN_DIRECT_OBJC_ISA_USAGE = YES_ERROR;
				CLANG_WARN_EMPTY_BODY = YES;
				CLANG_WARN_ENUM_CONVERSION = YES;
				CLANG_WARN_INT_CONVERSION = YES;
				CLANG_WARN_OBJC_ROOT_CLASS = YES_ERROR;
				CLANG_WARN_UNREACHABLE_CODE = YES;
				CLANG_WARN__DUPLICATE_METHOD_MATCH = YES;
				"CODE_SIGN_IDENTITY[sdk=iphoneos*]" = "iPhone Developer";
				COPY_PHASE_STRIP = NO;
				DEBUG_INFORMATION_FORMAT = "dwarf-with-dsym";
				ENABLE_STRICT_OBJC_MSGSEND = YES;
				GCC_C_LANGUAGE_STANDARD = gnu99;
				GCC_DYNAMIC_NO_PIC = NO;
				GCC_NO_COMMON_BLOCKS = YES;
				GCC_OPTIMIZATION_LEVEL = 0;
				GCC_PREPROCESSOR_DEFINITIONS = (
					"DEBUG=1",
					"$(inherited)",
				);
				GCC_SYMBOLS_PRIVATE_EXTERN = NO;
				GCC_WARN_64_TO_32_BIT_CONVERSION = YES;
				GCC_WARN_ABOUT_RETURN_TYPE = YES_ERROR;
				GCC_WARN_UNDECLARED_SELECTOR = YES;
				GCC_WARN_UNINITIALIZED_AUTOS = YES_AGGRESSIVE;
				GCC_WARN_UNUSED_FUNCTION = YES;
				GCC_WARN_UNUSED_VARIABLE = YES;
				IPHONEOS_DEPLOYMENT_TARGET = 8.3;
				MTL_ENABLE_DEBUG_INFO = YES;
				ONLY_ACTIVE_ARCH = YES;
				SDKROOT = iphoneos;
			};
			name = Debug;
		};
		AD4C7C931AEEEECE00A95C18 /* Release */ = {
			isa = XCBuildConfiguration;
			buildSettings = {
				ALWAYS_SEARCH_USER_PATHS = NO;
				CLANG_CXX_LANGUAGE_STANDARD = "gnu++0x";
				CLANG_CXX_LIBRARY = "libc++";
				CLANG_ENABLE_MODULES = YES;
				CLANG_ENABLE_OBJC_ARC = YES;
				CLANG_WARN_BOOL_CONVERSION = YES;
				CLANG_WARN_CONSTANT_CONVERSION = YES;
				CLANG_WARN_DIRECT_OBJC_ISA_USAGE = YES_ERROR;
				CLANG_WARN_EMPTY_BODY = YES;
				CLANG_WARN_ENUM_CONVERSION = YES;
				CLANG_WARN_INT_CONVERSION = YES;
				CLANG_WARN_OBJC_ROOT_CLASS = YES_ERROR;
				CLANG_WARN_UNREACHABLE_CODE = YES;
				CLANG_WARN__DUPLICATE_METHOD_MATCH = YES;
				"CODE_SIGN_IDENTITY[sdk=iphoneos*]" = "iPhone Developer";
				COPY_PHASE_STRIP = NO;
				DEBUG_INFORMATION_FORMAT = "dwarf-with-dsym";
				ENABLE_NS_ASSERTIONS = NO;
				ENABLE_STRICT_OBJC_MSGSEND = YES;
				GCC_C_LANGUAGE_STANDARD = gnu99;
				GCC_NO_COMMON_BLOCKS = YES;
				GCC_WARN_64_TO_32_BIT_CONVERSION = YES;
				GCC_WARN_ABOUT_RETURN_TYPE = YES_ERROR;
				GCC_WARN_UNDECLARED_SELECTOR = YES;
				GCC_WARN_UNINITIALIZED_AUTOS = YES_AGGRESSIVE;
				GCC_WARN_UNUSED_FUNCTION = YES;
				GCC_WARN_UNUSED_VARIABLE = YES;
				IPHONEOS_DEPLOYMENT_TARGET = 8.3;
				MTL_ENABLE_DEBUG_INFO = NO;
				SDKROOT = iphoneos;
				VALIDATE_PRODUCT = YES;
			};
			name = Release;
		};
		AD4C7C951AEEEECE00A95C18 /* Debug */ = {
			isa = XCBuildConfiguration;
			buildSettings = {
				ASSETCATALOG_COMPILER_APPICON_NAME = AppIcon;
				INFOPLIST_FILE = MyReminderz/Info.plist;
				LD_RUNPATH_SEARCH_PATHS = "$(inherited) @executable_path/Frameworks";
				PRODUCT_NAME = "$(TARGET_NAME)";
			};
			name = Debug;
		};
		AD4C7C961AEEEECE00A95C18 /* Release */ = {
			isa = XCBuildConfiguration;
			buildSettings = {
				ASSETCATALOG_COMPILER_APPICON_NAME = AppIcon;
				INFOPLIST_FILE = MyReminderz/Info.plist;
				LD_RUNPATH_SEARCH_PATHS = "$(inherited) @executable_path/Frameworks";
				PRODUCT_NAME = "$(TARGET_NAME)";
			};
			name = Release;
		};
		AD4C7C981AEEEECE00A95C18 /* Debug */ = {
			isa = XCBuildConfiguration;
			buildSettings = {
				BUNDLE_LOADER = "$(TEST_HOST)";
				FRAMEWORK_SEARCH_PATHS = (
					"$(SDKROOT)/Developer/Library/Frameworks",
					"$(inherited)",
				);
				GCC_PREPROCESSOR_DEFINITIONS = (
					"DEBUG=1",
					"$(inherited)",
				);
				INFOPLIST_FILE = MyReminderzTests/Info.plist;
				LD_RUNPATH_SEARCH_PATHS = "$(inherited) @executable_path/Frameworks @loader_path/Frameworks";
				PRODUCT_NAME = "$(TARGET_NAME)";
				TEST_HOST = "$(BUILT_PRODUCTS_DIR)/MyReminderz.app/MyReminderz";
			};
			name = Debug;
		};
		AD4C7C991AEEEECE00A95C18 /* Release */ = {
			isa = XCBuildConfiguration;
			buildSettings = {
				BUNDLE_LOADER = "$(TEST_HOST)";
				FRAMEWORK_SEARCH_PATHS = (
					"$(SDKROOT)/Developer/Library/Frameworks",
					"$(inherited)",
				);
				INFOPLIST_FILE = MyReminderzTests/Info.plist;
				LD_RUNPATH_SEARCH_PATHS = "$(inherited) @executable_path/Frameworks @loader_path/Frameworks";
				PRODUCT_NAME = "$(TARGET_NAME)";
				TEST_HOST = "$(BUILT_PRODUCTS_DIR)/MyReminderz.app/MyReminderz";
			};
			name = Release;
		};
/* End XCBuildConfiguration section */

/* Begin XCConfigurationList section */
		AD4C7C6C1AEEEECD00A95C18 /* Build configuration list for PBXProject "MyReminderz" */ = {
			isa = XCConfigurationList;
			buildConfigurations = (
				AD4C7C921AEEEECE00A95C18 /* Debug */,
				AD4C7C931AEEEECE00A95C18 /* Release */,
			);
			defaultConfigurationIsVisible = 0;
			defaultConfigurationName = Release;
		};
		AD4C7C941AEEEECE00A95C18 /* Build configuration list for PBXNativeTarget "MyReminderz" */ = {
			isa = XCConfigurationList;
			buildConfigurations = (
				AD4C7C951AEEEECE00A95C18 /* Debug */,
				AD4C7C961AEEEECE00A95C18 /* Release */,
			);
			defaultConfigurationIsVisible = 0;
		};
		AD4C7C971AEEEECE00A95C18 /* Build configuration list for PBXNativeTarget "MyReminderzTests" */ = {
			isa = XCConfigurationList;
			buildConfigurations = (
				AD4C7C981AEEEECE00A95C18 /* Debug */,
				AD4C7C991AEEEECE00A95C18 /* Release */,
			);
			defaultConfigurationIsVisible = 0;
		};
/* End XCConfigurationList section */
	};
	rootObject = AD4C7C691AEEEECD00A95C18 /* Project object */;
}
